
Microsoft Visual Studio Solution File, Format Version 12.00
# Visual Studio Version 16
VisualStudioVersion = 16.0.31605.320
MinimumVisualStudioVersion = 10.0.40219.1
Project("{9A19103F-16F7-4668-BE54-9A1E7A4F7556}") = "CoreDemo", "CoreDemo\CoreDemo.csproj", "{9098A9F5-CB12-4D6F-B45C-309F46E194FC}"
EndProject
Project("{FAE04EC0-301F-11D3-BF4B-00C04F79EFBC}") = "EntityLayer", "EntityLayer\EntityLayer.csproj", "{C8F97F08-C81F-44B1-BB96-5FAFF49FEE0E}"
EndProject
Project("{FAE04EC0-301F-11D3-BF4B-00C04F79EFBC}") = "DataAccessLayer", "DataAccessLayer\DataAccessLayer.csproj", "{3CCE2707-7F73-4EB6-8CE1-191515321A91}"
EndProject
Project("{FAE04EC0-301F-11D3-BF4B-00C04F79EFBC}") = "BusinessLayer", "BusinessLayer\BusinessLayer.csproj", "{26060EBA-D481-49EE-B4D1-89E74B82C706}"
EndProject
Project("{FAE04EC0-301F-11D3-BF4B-00C04F79EFBC}") = "CoreLayer", "CoreLayer\CoreLayer.csproj", "{1461396B-7576-48B5-96B0-BE4C1E3E43FF}"
EndProject
Global
	GlobalSection(SolutionConfigurationPlatforms) = preSolution
		Debug|Any CPU = Debug|Any CPU
		Release|Any CPU = Release|Any CPU
	EndGlobalSection
	GlobalSection(ProjectConfigurationPlatforms) = postSolution
		{9098A9F5-CB12-4D6F-B45C-309F46E194FC}.Debug|Any CPU.ActiveCfg = Debug|Any CPU
		{9098A9F5-CB12-4D6F-B45C-309F46E194FC}.Debug|Any CPU.Build.0 = Debug|Any CPU
		{9098A9F5-CB12-4D6F-B45C-309F46E194FC}.Release|Any CPU.ActiveCfg = Release|Any CPU
		{9098A9F5-CB12-4D6F-B45C-309F46E194FC}.Release|Any CPU.Build.0 = Release|Any CPU
		{C8F97F08-C81F-44B1-BB96-5FAFF49FEE0E}.Debug|Any CPU.ActiveCfg = Debug|Any CPU
		{C8F97F08-C81F-44B1-BB96-5FAFF49FEE0E}.Debug|Any CPU.Build.0 = Debug|Any CPU
		{C8F97F08-C81F-44B1-BB96-5FAFF49FEE0E}.Release|Any CPU.ActiveCfg = Release|Any CPU
		{C8F97F08-C81F-44B1-BB96-5FAFF49FEE0E}.Release|Any CPU.Build.0 = Release|Any CPU
		{3CCE2707-7F73-4EB6-8CE1-191515321A91}.Debug|Any CPU.ActiveCfg = Debug|Any CPU
		{3CCE2707-7F73-4EB6-8CE1-191515321A91}.Debug|Any CPU.Build.0 = Debug|Any CPU
		{3CCE2707-7F73-4EB6-8CE1-191515321A91}.Release|Any CPU.ActiveCfg = Release|Any CPU
		{3CCE2707-7F73-4EB6-8CE1-191515321A91}.Release|Any CPU.Build.0 = Release|Any CPU
		{26060EBA-D481-49EE-B4D1-89E74B82C706}.Debug|Any CPU.ActiveCfg = Debug|Any CPU
		{26060EBA-D481-49EE-B4D1-89E74B82C706}.Debug|Any CPU.Build.0 = Debug|Any CPU
		{26060EBA-D481-49EE-B4D1-89E74B82C706}.Release|Any CPU.ActiveCfg = Release|Any CPU
		{26060EBA-D481-49EE-B4D1-89E74B82C706}.Release|Any CPU.Build.0 = Release|Any CPU
		{1461396B-7576-48B5-96B0-BE4C1E3E43FF}.Debug|Any CPU.ActiveCfg = Debug|Any CPU
		{1461396B-7576-48B5-96B0-BE4C1E3E43FF}.Debug|Any CPU.Build.0 = Debug|Any CPU
		{1461396B-7576-48B5-96B0-BE4C1E3E43FF}.Release|Any CPU.ActiveCfg = Release|Any CPU
		{1461396B-7576-48B5-96B0-BE4C1E3E43FF}.Release|Any CPU.Build.0 = Release|Any CPU
	EndGlobalSection
	GlobalSection(SolutionProperties) = preSolution
		HideSolutionNode = FALSE
	EndGlobalSection
	GlobalSection(ExtensibilityGlobals) = postSolution
		SolutionGuid = {EABAF26E-9C86-4922-AA88-E56258E8A978}
	EndGlobalSection
EndGlobal
